// !$*UTF8*$!
{
	archiveVersion = 1;
	classes = {
	};
	objectVersion = 56;
	objects = {

/* Begin PBXBuildFile section */
		E2C273562C354F4A004952AA /* BoxJsApp.swift in Sources */ = {isa = PBXBuildFile; fileRef = E2C273552C354F4A004952AA /* BoxJsApp.swift */; };
		E2C273582C354F4A004952AA /* ContentView.swift in Sources */ = {isa = PBXBuildFile; fileRef = E2C273572C354F4A004952AA /* ContentView.swift */; };
		E2C2735A2C354F4B004952AA /* Assets.xcassets in Resources */ = {isa = PBXBuildFile; fileRef = E2C273592C354F4B004952AA /* Assets.xcassets */; };
		E2C2735D2C354F4B004952AA /* Preview Assets.xcassets in Resources */ = {isa = PBXBuildFile; fileRef = E2C2735C2C354F4B004952AA /* Preview Assets.xcassets */; };
		E2C273642C355309004952AA /* HomeView.swift in Sources */ = {isa = PBXBuildFile; fileRef = E2C273632C355309004952AA /* HomeView.swift */; };
		E2C273662C3678B1004952AA /* AppView.swift in Sources */ = {isa = PBXBuildFile; fileRef = E2C273652C3678B1004952AA /* AppView.swift */; };
		E2C273682C36BB88004952AA /* SubcribeView.swift in Sources */ = {isa = PBXBuildFile; fileRef = E2C273672C36BB88004952AA /* SubcribeView.swift */; };
		E2C2736A2C379939004952AA /* SettingView.swift in Sources */ = {isa = PBXBuildFile; fileRef = E2C273692C379939004952AA /* SettingView.swift */; };
		E2E9E2472C3FCA9D00836E4B /* Alamofire in Frameworks */ = {isa = PBXBuildFile; productRef = E2E9E2462C3FCA9D00836E4B /* Alamofire */; };
		E2E9E2502C3FE9A800836E4B /* Vibration.swift in Sources */ = {isa = PBXBuildFile; fileRef = E2E9E24F2C3FE9A800836E4B /* Vibration.swift */; };
		E2E9E2522C40FD5000836E4B /* NetworkService.swift in Sources */ = {isa = PBXBuildFile; fileRef = E2E9E2512C40FD5000836E4B /* NetworkService.swift */; };
		E2E9E2562C4101AC00836E4B /* BoxJsViewModel.swift in Sources */ = {isa = PBXBuildFile; fileRef = E2E9E2552C4101AC00836E4B /* BoxJsViewModel.swift */; };
/* End PBXBuildFile section */

/* Begin PBXFileReference section */
		E2C273522C354F4A004952AA /* BoxJs.app */ = {isa = PBXFileReference; explicitFileType = wrapper.application; includeInIndex = 0; path = BoxJs.app; sourceTree = BUILT_PRODUCTS_DIR; };
		E2C273552C354F4A004952AA /* BoxJsApp.swift */ = {isa = PBXFileReference; lastKnownFileType = sourcecode.swift; path = BoxJsApp.swift; sourceTree = "<group>"; };
		E2C273572C354F4A004952AA /* ContentView.swift */ = {isa = PBXFileReference; lastKnownFileType = sourcecode.swift; path = ContentView.swift; sourceTree = "<group>"; };
		E2C273592C354F4B004952AA /* Assets.xcassets */ = {isa = PBXFileReference; lastKnownFileType = folder.assetcatalog; path = Assets.xcassets; sourceTree = "<group>"; };
		E2C2735C2C354F4B004952AA /* Preview Assets.xcassets */ = {isa = PBXFileReference; lastKnownFileType = folder.assetcatalog; path = "Preview Assets.xcassets"; sourceTree = "<group>"; };
		E2C273632C355309004952AA /* HomeView.swift */ = {isa = PBXFileReference; lastKnownFileType = sourcecode.swift; path = HomeView.swift; sourceTree = "<group>"; };
		E2C273652C3678B1004952AA /* AppView.swift */ = {isa = PBXFileReference; lastKnownFileType = sourcecode.swift; path = AppView.swift; sourceTree = "<group>"; };
		E2C273672C36BB88004952AA /* SubcribeView.swift */ = {isa = PBXFileReference; lastKnownFileType = sourcecode.swift; path = SubcribeView.swift; sourceTree = "<group>"; };
		E2C273692C379939004952AA /* SettingView.swift */ = {isa = PBXFileReference; lastKnownFileType = sourcecode.swift; path = SettingView.swift; sourceTree = "<group>"; };
		E2E9E24F2C3FE9A800836E4B /* Vibration.swift */ = {isa = PBXFileReference; lastKnownFileType = sourcecode.swift; path = Vibration.swift; sourceTree = "<group>"; };
		E2E9E2512C40FD5000836E4B /* NetworkService.swift */ = {isa = PBXFileReference; lastKnownFileType = sourcecode.swift; path = NetworkService.swift; sourceTree = "<group>"; };
		E2E9E2552C4101AC00836E4B /* BoxJsViewModel.swift */ = {isa = PBXFileReference; lastKnownFileType = sourcecode.swift; path = BoxJsViewModel.swift; sourceTree = "<group>"; };
/* End PBXFileReference section */

/* Begin PBXFrameworksBuildPhase section */
		E2C2734F2C354F4A004952AA /* Frameworks */ = {
			isa = PBXFrameworksBuildPhase;
			buildActionMask = 2147483647;
			files = (
				E2E9E2472C3FCA9D00836E4B /* Alamofire in Frameworks */,
			);
			runOnlyForDeploymentPostprocessing = 0;
		};
/* End PBXFrameworksBuildPhase section */

/* Begin PBXGroup section */
		E2C273492C354F4A004952AA = {
			isa = PBXGroup;
			children = (
				E2C273542C354F4A004952AA /* BoxJs */,
				E2C273532C354F4A004952AA /* Products */,
			);
			sourceTree = "<group>";
		};
		E2C273532C354F4A004952AA /* Products */ = {
			isa = PBXGroup;
			children = (
				E2C273522C354F4A004952AA /* BoxJs.app */,
			);
			name = Products;
			sourceTree = "<group>";
		};
		E2C273542C354F4A004952AA /* BoxJs */ = {
			isa = PBXGroup;
			children = (
				E2E9E24E2C3FDB2300836E4B /* Helpers */,
				E2E9E24A2C3FDAD600836E4B /* Services */,
				E2E9E24D2C3FDB1400836E4B /* Models */,
				E2E9E24C2C3FDB0900836E4B /* ViewModels */,
				E2E9E24B2C3FDAF600836E4B /* Views */,
				E2C273552C354F4A004952AA /* BoxJsApp.swift */,
				E2C273592C354F4B004952AA /* Assets.xcassets */,
				E2C2735B2C354F4B004952AA /* Preview Content */,
			);
			path = BoxJs;
			sourceTree = "<group>";
		};
		E2C2735B2C354F4B004952AA /* Preview Content */ = {
			isa = PBXGroup;
			children = (
				E2C2735C2C354F4B004952AA /* Preview Assets.xcassets */,
			);
			path = "Preview Content";
			sourceTree = "<group>";
		};
		E2E9E24A2C3FDAD600836E4B /* Services */ = {
			isa = PBXGroup;
			children = (
				E2E9E2512C40FD5000836E4B /* NetworkService.swift */,
			);
			path = Services;
			sourceTree = "<group>";
		};
		E2E9E24B2C3FDAF600836E4B /* Views */ = {
			isa = PBXGroup;
			children = (
				E2C273572C354F4A004952AA /* ContentView.swift */,
				E2C273632C355309004952AA /* HomeView.swift */,
				E2C273652C3678B1004952AA /* AppView.swift */,
				E2C273672C36BB88004952AA /* SubcribeView.swift */,
				E2C273692C379939004952AA /* SettingView.swift */,
			);
			path = Views;
			sourceTree = "<group>";
		};
		E2E9E24C2C3FDB0900836E4B /* ViewModels */ = {
			isa = PBXGroup;
			children = (
			);
			path = ViewModels;
			sourceTree = "<group>";
		};
		E2E9E24D2C3FDB1400836E4B /* Models */ = {
			isa = PBXGroup;
			children = (
				E2E9E2552C4101AC00836E4B /* BoxJsViewModel.swift */,
			);
			path = Models;
			sourceTree = "<group>";
		};
		E2E9E24E2C3FDB2300836E4B /* Helpers */ = {
			isa = PBXGroup;
			children = (
				E2E9E24F2C3FE9A800836E4B /* Vibration.swift */,
			);
			path = Helpers;
			sourceTree = "<group>";
		};
/* End PBXGroup section */

/* Begin PBXNativeTarget section */
		E2C273512C354F4A004952AA /* BoxJs */ = {
			isa = PBXNativeTarget;
			buildConfigurationList = E2C273602C354F4B004952AA /* Build configuration list for PBXNativeTarget "BoxJs" */;
			buildPhases = (
				E2C2734E2C354F4A004952AA /* Sources */,
				E2C2734F2C354F4A004952AA /* Frameworks */,
				E2C273502C354F4A004952AA /* Resources */,
			);
			buildRules = (
			);
			dependencies = (
			);
			name = BoxJs;
			packageProductDependencies = (
				E2E9E2462C3FCA9D00836E4B /* Alamofire */,
			);
			productName = BoxJs;
			productReference = E2C273522C354F4A004952AA /* BoxJs.app */;
			productType = "com.apple.product-type.application";
		};
/* End PBXNativeTarget section */

/* Begin PBXProject section */
		E2C2734A2C354F4A004952AA /* Project object */ = {
			isa = PBXProject;
			attributes = {
				BuildIndependentTargetsInParallel = 1;
				LastSwiftUpdateCheck = 1540;
				LastUpgradeCheck = 1540;
				TargetAttributes = {
					E2C273512C354F4A004952AA = {
						CreatedOnToolsVersion = 15.4;
					};
				};
			};
			buildConfigurationList = E2C2734D2C354F4A004952AA /* Build configuration list for PBXProject "BoxJs" */;
			compatibilityVersion = "Xcode 14.0";
			developmentRegion = en;
			hasScannedForEncodings = 0;
			knownRegions = (
				en,
				Base,
			);
			mainGroup = E2C273492C354F4A004952AA;
			packageReferences = (
				E2E9E2452C3FCA9D00836E4B /* XCRemoteSwiftPackageReference "Alamofire" */,
			);
			productRefGroup = E2C273532C354F4A004952AA /* Products */;
			projectDirPath = "";
			projectRoot = "";
			targets = (
				E2C273512C354F4A004952AA /* BoxJs */,
			);
		};
/* End PBXProject section */

/* Begin PBXResourcesBuildPhase section */
		E2C273502C354F4A004952AA /* Resources */ = {
			isa = PBXResourcesBuildPhase;
			buildActionMask = 2147483647;
			files = (
				E2C2735D2C354F4B004952AA /* Preview Assets.xcassets in Resources */,
				E2C2735A2C354F4B004952AA /* Assets.xcassets in Resources */,
			);
			runOnlyForDeploymentPostprocessing = 0;
		};
/* End PBXResourcesBuildPhase section */

/* Begin PBXSourcesBuildPhase section */
		E2C2734E2C354F4A004952AA /* Sources */ = {
			isa = PBXSourcesBuildPhase;
			buildActionMask = 2147483647;
			files = (
				E2E9E2502C3FE9A800836E4B /* Vibration.swift in Sources */,
				E2E9E2522C40FD5000836E4B /* NetworkService.swift in Sources */,
				E2C273662C3678B1004952AA /* AppView.swift in Sources */,
				E2E9E2562C4101AC00836E4B /* BoxJsViewModel.swift in Sources */,
				E2C273682C36BB88004952AA /* SubcribeView.swift in Sources */,
				E2C273642C355309004952AA /* HomeView.swift in Sources */,
				E2C2736A2C379939004952AA /* SettingView.swift in Sources */,
				E2C273582C354F4A004952AA /* ContentView.swift in Sources */,
				E2C273562C354F4A004952AA /* BoxJsApp.swift in Sources */,
			);
			runOnlyForDeploymentPostprocessing = 0;
		};
/* End PBXSourcesBuildPhase section */

/* Begin XCBuildConfiguration section */
		E2C2735E2C354F4B004952AA /* Debug */ = {
			isa = XCBuildConfiguration;
			buildSettings = {
				ALWAYS_SEARCH_USER_PATHS = NO;
				ASSETCATALOG_COMPILER_GENERATE_SWIFT_ASSET_SYMBOL_EXTENSIONS = YES;
				CLANG_ANALYZER_NONNULL = YES;
				CLANG_ANALYZER_NUMBER_OBJECT_CONVERSION = YES_AGGRESSIVE;
				CLANG_CXX_LANGUAGE_STANDARD = "gnu++20";
				CLANG_ENABLE_MODULES = YES;
				CLANG_ENABLE_OBJC_ARC = YES;
				CLANG_ENABLE_OBJC_WEAK = YES;
				CLANG_WARN_BLOCK_CAPTURE_AUTORELEASING = YES;
				CLANG_WARN_BOOL_CONVERSION = YES;
				CLANG_WARN_COMMA = YES;
				CLANG_WARN_CONSTANT_CONVERSION = YES;
				CLANG_WARN_DEPRECATED_OBJC_IMPLEMENTATIONS = YES;
				CLANG_WARN_DIRECT_OBJC_ISA_USAGE = YES_ERROR;
				CLANG_WARN_DOCUMENTATION_COMMENTS = YES;
				CLANG_WARN_EMPTY_BODY = YES;
				CLANG_WARN_ENUM_CONVERSION = YES;
				CLANG_WARN_INFINITE_RECURSION = YES;
				CLANG_WARN_INT_CONVERSION = YES;
				CLANG_WARN_NON_LITERAL_NULL_CONVERSION = YES;
				CLANG_WARN_OBJC_IMPLICIT_RETAIN_SELF = YES;
				CLANG_WARN_OBJC_LITERAL_CONVERSION = YES;
				CLANG_WARN_OBJC_ROOT_CLASS = YES_ERROR;
				CLANG_WARN_QUOTED_INCLUDE_IN_FRAMEWORK_HEADER = YES;
				CLANG_WARN_RANGE_LOOP_ANALYSIS = YES;
				CLANG_WARN_STRICT_PROTOTYPES = YES;
				CLANG_WARN_SUSPICIOUS_MOVE = YES;
				CLANG_WARN_UNGUARDED_AVAILABILITY = YES_AGGRESSIVE;
				CLANG_WARN_UNREACHABLE_CODE = YES;
				CLANG_WARN__DUPLICATE_METHOD_MATCH = YES;
				COPY_PHASE_STRIP = NO;
				DEBUG_INFORMATION_FORMAT = dwarf;
				ENABLE_STRICT_OBJC_MSGSEND = YES;
				ENABLE_TESTABILITY = YES;
				ENABLE_USER_SCRIPT_SANDBOXING = YES;
				GCC_C_LANGUAGE_STANDARD = gnu17;
				GCC_DYNAMIC_NO_PIC = NO;
				GCC_NO_COMMON_BLOCKS = YES;
				GCC_OPTIMIZATION_LEVEL = 0;
				GCC_PREPROCESSOR_DEFINITIONS = (
					"DEBUG=1",
					"$(inherited)",
				);
				GCC_WARN_64_TO_32_BIT_CONVERSION = YES;
				GCC_WARN_ABOUT_RETURN_TYPE = YES_ERROR;
				GCC_WARN_UNDECLARED_SELECTOR = YES;
				GCC_WARN_UNINITIALIZED_AUTOS = YES_AGGRESSIVE;
				GCC_WARN_UNUSED_FUNCTION = YES;
				GCC_WARN_UNUSED_VARIABLE = YES;
				IPHONEOS_DEPLOYMENT_TARGET = 17.5;
				LOCALIZATION_PREFERS_STRING_CATALOGS = YES;
				MTL_ENABLE_DEBUG_INFO = INCLUDE_SOURCE;
				MTL_FAST_MATH = YES;
				ONLY_ACTIVE_ARCH = YES;
				SDKROOT = iphoneos;
				SWIFT_ACTIVE_COMPILATION_CONDITIONS = "DEBUG $(inherited)";
				SWIFT_OPTIMIZATION_LEVEL = "-Onone";
			};
			name = Debug;
		};
		E2C2735F2C354F4B004952AA /* Release */ = {
			isa = XCBuildConfiguration;
			buildSettings = {
				ALWAYS_SEARCH_USER_PATHS = NO;
				ASSETCATALOG_COMPILER_GENERATE_SWIFT_ASSET_SYMBOL_EXTENSIONS = YES;
				CLANG_ANALYZER_NONNULL = YES;
				CLANG_ANALYZER_NUMBER_OBJECT_CONVERSION = YES_AGGRESSIVE;
				CLANG_CXX_LANGUAGE_STANDARD = "gnu++20";
				CLANG_ENABLE_MODULES = YES;
				CLANG_ENABLE_OBJC_ARC = YES;
				CLANG_ENABLE_OBJC_WEAK = YES;
				CLANG_WARN_BLOCK_CAPTURE_AUTORELEASING = YES;
				CLANG_WARN_BOOL_CONVERSION = YES;
				CLANG_WARN_COMMA = YES;
				CLANG_WARN_CONSTANT_CONVERSION = YES;
				CLANG_WARN_DEPRECATED_OBJC_IMPLEMENTATIONS = YES;
				CLANG_WARN_DIRECT_OBJC_ISA_USAGE = YES_ERROR;
				CLANG_WARN_DOCUMENTATION_COMMENTS = YES;
				CLANG_WARN_EMPTY_BODY = YES;
				CLANG_WARN_ENUM_CONVERSION = YES;
				CLANG_WARN_INFINITE_RECURSION = YES;
				CLANG_WARN_INT_CONVERSION = YES;
				CLANG_WARN_NON_LITERAL_NULL_CONVERSION = YES;
				CLANG_WARN_OBJC_IMPLICIT_RETAIN_SELF = YES;
				CLANG_WARN_OBJC_LITERAL_CONVERSION = YES;
				CLANG_WARN_OBJC_ROOT_CLASS = YES_ERROR;
				CLANG_WARN_QUOTED_INCLUDE_IN_FRAMEWORK_HEADER = YES;
				CLANG_WARN_RANGE_LOOP_ANALYSIS = YES;
				CLANG_WARN_STRICT_PROTOTYPES = YES;
				CLANG_WARN_SUSPICIOUS_MOVE = YES;
				CLANG_WARN_UNGUARDED_AVAILABILITY = YES_AGGRESSIVE;
				CLANG_WARN_UNREACHABLE_CODE = YES;
				CLANG_WARN__DUPLICATE_METHOD_MATCH = YES;
				COPY_PHASE_STRIP = NO;
				DEBUG_INFORMATION_FORMAT = "dwarf-with-dsym";
				ENABLE_NS_ASSERTIONS = NO;
				ENABLE_STRICT_OBJC_MSGSEND = YES;
				ENABLE_USER_SCRIPT_SANDBOXING = YES;
				GCC_C_LANGUAGE_STANDARD = gnu17;
				GCC_NO_COMMON_BLOCKS = YES;
				GCC_WARN_64_TO_32_BIT_CONVERSION = YES;
				GCC_WARN_ABOUT_RETURN_TYPE = YES_ERROR;
				GCC_WARN_UNDECLARED_SELECTOR = YES;
				GCC_WARN_UNINITIALIZED_AUTOS = YES_AGGRESSIVE;
				GCC_WARN_UNUSED_FUNCTION = YES;
				GCC_WARN_UNUSED_VARIABLE = YES;
				IPHONEOS_DEPLOYMENT_TARGET = 17.5;
				LOCALIZATION_PREFERS_STRING_CATALOGS = YES;
				MTL_ENABLE_DEBUG_INFO = NO;
				MTL_FAST_MATH = YES;
				SDKROOT = iphoneos;
				SWIFT_COMPILATION_MODE = wholemodule;
				VALIDATE_PRODUCT = YES;
			};
			name = Release;
		};
		E2C273612C354F4B004952AA /* Debug */ = {
			isa = XCBuildConfiguration;
			buildSettings = {
				ASSETCATALOG_COMPILER_APPICON_NAME = AppIcon;
				ASSETCATALOG_COMPILER_GLOBAL_ACCENT_COLOR_NAME = AccentColor;
				CODE_SIGN_STYLE = Automatic;
				CURRENT_PROJECT_VERSION = 1;
				DEVELOPMENT_ASSET_PATHS = "\"BoxJs/Preview Content\"";
				DEVELOPMENT_TEAM = M75CD84GGJ;
				ENABLE_PREVIEWS = YES;
				GENERATE_INFOPLIST_FILE = YES;
				INFOPLIST_KEY_UIApplicationSceneManifest_Generation = YES;
				INFOPLIST_KEY_UIApplicationSupportsIndirectInputEvents = YES;
				INFOPLIST_KEY_UILaunchScreen_Generation = YES;
				INFOPLIST_KEY_UISupportedInterfaceOrientations_iPad = "UIInterfaceOrientationPortrait UIInterfaceOrientationPortraitUpsideDown UIInterfaceOrientationLandscapeLeft UIInterfaceOrientationLandscapeRight";
				INFOPLIST_KEY_UISupportedInterfaceOrientations_iPhone = "UIInterfaceOrientationPortrait UIInterfaceOrientationLandscapeLeft UIInterfaceOrientationLandscapeRight";
				LD_RUNPATH_SEARCH_PATHS = (
					"$(inherited)",
					"@executable_path/Frameworks",
				);
				MARKETING_VERSION = 1.0;
				PRODUCT_BUNDLE_IDENTIFIER = com.senku.BoxJs;
				PRODUCT_NAME = "$(TARGET_NAME)";
				SWIFT_EMIT_LOC_STRINGS = YES;
				SWIFT_VERSION = 5.0;
				TARGETED_DEVICE_FAMILY = "1,2";
			};
			name = Debug;
		};
		E2C273622C354F4B004952AA /* Release */ = {
			isa = XCBuildConfiguration;
			buildSettings = {
				ASSETCATALOG_COMPILER_APPICON_NAME = AppIcon;
				ASSETCATALOG_COMPILER_GLOBAL_ACCENT_COLOR_NAME = AccentColor;
				CODE_SIGN_STYLE = Automatic;
				CURRENT_PROJECT_VERSION = 1;
				DEVELOPMENT_ASSET_PATHS = "\"BoxJs/Preview Content\"";
				DEVELOPMENT_TEAM = M75CD84GGJ;
				ENABLE_PREVIEWS = YES;
				GENERATE_INFOPLIST_FILE = YES;
				INFOPLIST_KEY_UIApplicationSceneManifest_Generation = YES;
				INFOPLIST_KEY_UIApplicationSupportsIndirectInputEvents = YES;
				INFOPLIST_KEY_UILaunchScreen_Generation = YES;
				INFOPLIST_KEY_UISupportedInterfaceOrientations_iPad = "UIInterfaceOrientationPortrait UIInterfaceOrientationPortraitUpsideDown UIInterfaceOrientationLandscapeLeft UIInterfaceOrientationLandscapeRight";
				INFOPLIST_KEY_UISupportedInterfaceOrientations_iPhone = "UIInterfaceOrientationPortrait UIInterfaceOrientationLandscapeLeft UIInterfaceOrientationLandscapeRight";
				LD_RUNPATH_SEARCH_PATHS = (
					"$(inherited)",
					"@executable_path/Frameworks",
				);
				MARKETING_VERSION = 1.0;
				PRODUCT_BUNDLE_IDENTIFIER = com.senku.BoxJs;
				PRODUCT_NAME = "$(TARGET_NAME)";
				SWIFT_EMIT_LOC_STRINGS = YES;
				SWIFT_VERSION = 5.0;
				TARGETED_DEVICE_FAMILY = "1,2";
			};
			name = Release;
		};
/* End XCBuildConfiguration section */

/* Begin XCConfigurationList section */
		E2C2734D2C354F4A004952AA /* Build configuration list for PBXProject "BoxJs" */ = {
			isa = XCConfigurationList;
			buildConfigurations = (
				E2C2735E2C354F4B004952AA /* Debug */,
				E2C2735F2C354F4B004952AA /* Release */,
			);
			defaultConfigurationIsVisible = 0;
			defaultConfigurationName = Release;
		};
		E2C273602C354F4B004952AA /* Build configuration list for PBXNativeTarget "BoxJs" */ = {
			isa = XCConfigurationList;
			buildConfigurations = (
				E2C273612C354F4B004952AA /* Debug */,
				E2C273622C354F4B004952AA /* Release */,
			);
			defaultConfigurationIsVisible = 0;
			defaultConfigurationName = Release;
		};
/* End XCConfigurationList section */

/* Begin XCRemoteSwiftPackageReference section */
		E2E9E2452C3FCA9D00836E4B /* XCRemoteSwiftPackageReference "Alamofire" */ = {
			isa = XCRemoteSwiftPackageReference;
			repositoryURL = "https://github.com/Alamofire/Alamofire";
			requirement = {
				kind = upToNextMajorVersion;
				minimumVersion = 5.9.1;
			};
		};
/* End XCRemoteSwiftPackageReference section */

/* Begin XCSwiftPackageProductDependency section */
		E2E9E2462C3FCA9D00836E4B /* Alamofire */ = {
			isa = XCSwiftPackageProductDependency;
			package = E2E9E2452C3FCA9D00836E4B /* XCRemoteSwiftPackageReference "Alamofire" */;
			productName = Alamofire;
		};
/* End XCSwiftPackageProductDependency section */
	};
	rootObject = E2C2734A2C354F4A004952AA /* Project object */;
}
