// !$*UTF8*$!
{
	archiveVersion = 1;
	classes = {
	};
	objectVersion = 56;
	objects = {

/* Begin PBXBuildFile section */
		E23F56042C7DBDCD0039F1CC /* AppDetailView.swift in Sources */ = {isa = PBXBuildFile; fileRef = E23F56032C7DBDCD0039F1CC /* AppDetailView.swift */; };
		E23F560F2C7F1EC10039F1CC /* SwiftUIView.swift in Sources */ = {isa = PBXBuildFile; fileRef = E23F560E2C7F1EC10039F1CC /* SwiftUIView.swift */; };
		E2AA91BE2C732E4200EB02B2 /* SwipeCellKit in Frameworks */ = {isa = PBXBuildFile; productRef = E2AA91BD2C732E4200EB02B2 /* SwipeCellKit */; };
		E2C273562C354F4A004952AA /* NEBoxApp.swift in Sources */ = {isa = PBXBuildFile; fileRef = E2C273552C354F4A004952AA /* NEBoxApp.swift */; };
		E2C273582C354F4A004952AA /* ContentView.swift in Sources */ = {isa = PBXBuildFile; fileRef = E2C273572C354F4A004952AA /* ContentView.swift */; };
		E2C2735A2C354F4B004952AA /* Assets.xcassets in Resources */ = {isa = PBXBuildFile; fileRef = E2C273592C354F4B004952AA /* Assets.xcassets */; };
		E2C2735D2C354F4B004952AA /* Preview Assets.xcassets in Resources */ = {isa = PBXBuildFile; fileRef = E2C2735C2C354F4B004952AA /* Preview Assets.xcassets */; };
		E2C273642C355309004952AA /* HomeView.swift in Sources */ = {isa = PBXBuildFile; fileRef = E2C273632C355309004952AA /* HomeView.swift */; };
		E2C273662C3678B1004952AA /* AppView.swift in Sources */ = {isa = PBXBuildFile; fileRef = E2C273652C3678B1004952AA /* AppView.swift */; };
		E2C273682C36BB88004952AA /* SubcribeView.swift in Sources */ = {isa = PBXBuildFile; fileRef = E2C273672C36BB88004952AA /* SubcribeView.swift */; };
		E2C2736A2C379939004952AA /* SettingView.swift in Sources */ = {isa = PBXBuildFile; fileRef = E2C273692C379939004952AA /* SettingView.swift */; };
		E2E8BA822C6B67BB00C2AF9E /* Utils.swift in Sources */ = {isa = PBXBuildFile; fileRef = E2E8BA812C6B67BB00C2AF9E /* Utils.swift */; };
		E2E8BA852C6CA43300C2AF9E /* ToastManager.swift in Sources */ = {isa = PBXBuildFile; fileRef = E2E8BA842C6CA43300C2AF9E /* ToastManager.swift */; };
		E2E8BA872C6CA46400C2AF9E /* GlobalToastView.swift in Sources */ = {isa = PBXBuildFile; fileRef = E2E8BA862C6CA46400C2AF9E /* GlobalToastView.swift */; };
		E2E9E2472C3FCA9D00836E4B /* Alamofire in Frameworks */ = {isa = PBXBuildFile; productRef = E2E9E2462C3FCA9D00836E4B /* Alamofire */; };
		E2E9E2502C3FE9A800836E4B /* Vibration.swift in Sources */ = {isa = PBXBuildFile; fileRef = E2E9E24F2C3FE9A800836E4B /* Vibration.swift */; };
		E2E9E2522C40FD5000836E4B /* ApiRequest.swift in Sources */ = {isa = PBXBuildFile; fileRef = E2E9E2512C40FD5000836E4B /* ApiRequest.swift */; };
		E2E9E2562C4101AC00836E4B /* BoxJsViewModel.swift in Sources */ = {isa = PBXBuildFile; fileRef = E2E9E2552C4101AC00836E4B /* BoxJsViewModel.swift */; };
		E2E9E2592C45072F00836E4B /* AnyCodable in Frameworks */ = {isa = PBXBuildFile; productRef = E2E9E2582C45072F00836E4B /* AnyCodable */; };
		E2E9E2612C46200D00836E4B /* BoxDataModel.swift in Sources */ = {isa = PBXBuildFile; fileRef = E2E9E2602C46200D00836E4B /* BoxDataModel.swift */; };
		E2E9E2642C464CC300836E4B /* ArrayExtension.swift in Sources */ = {isa = PBXBuildFile; fileRef = E2E9E2632C464CC300836E4B /* ArrayExtension.swift */; };
		E2E9E2692C47718800836E4B /* SwiftyJSON in Frameworks */ = {isa = PBXBuildFile; productRef = E2E9E2682C47718800836E4B /* SwiftyJSON */; };
		E2E9E26B2C4A7E5B00836E4B /* ViewModifier.swift in Sources */ = {isa = PBXBuildFile; fileRef = E2E9E26A2C4A7E5B00836E4B /* ViewModifier.swift */; };
		E2E9E2792C4FE81800836E4B /* SDWebImageSwiftUI in Frameworks */ = {isa = PBXBuildFile; productRef = E2E9E2782C4FE81800836E4B /* SDWebImageSwiftUI */; };
		E2E9E27D2C5273C500836E4B /* SearchBar.swift in Sources */ = {isa = PBXBuildFile; fileRef = E2E9E27C2C5273C500836E4B /* SearchBar.swift */; };
		E2E9E2812C63241F00836E4B /* SubScribeCardView.swift in Sources */ = {isa = PBXBuildFile; fileRef = E2E9E2802C63241F00836E4B /* SubScribeCardView.swift */; };
/* End PBXBuildFile section */

/* Begin PBXFileReference section */
		E23F56032C7DBDCD0039F1CC /* AppDetailView.swift */ = {isa = PBXFileReference; lastKnownFileType = sourcecode.swift; path = AppDetailView.swift; sourceTree = "<group>"; };
		E23F560E2C7F1EC10039F1CC /* SwiftUIView.swift */ = {isa = PBXFileReference; lastKnownFileType = sourcecode.swift; path = SwiftUIView.swift; sourceTree = "<group>"; };
		E2C273522C354F4A004952AA /* NEBox.app */ = {isa = PBXFileReference; explicitFileType = wrapper.application; includeInIndex = 0; path = NEBox.app; sourceTree = BUILT_PRODUCTS_DIR; };
		E2C273552C354F4A004952AA /* NEBoxApp.swift */ = {isa = PBXFileReference; lastKnownFileType = sourcecode.swift; path = NEBoxApp.swift; sourceTree = "<group>"; };
		E2C273572C354F4A004952AA /* ContentView.swift */ = {isa = PBXFileReference; lastKnownFileType = sourcecode.swift; path = ContentView.swift; sourceTree = "<group>"; };
		E2C273592C354F4B004952AA /* Assets.xcassets */ = {isa = PBXFileReference; lastKnownFileType = folder.assetcatalog; path = Assets.xcassets; sourceTree = "<group>"; };
		E2C2735C2C354F4B004952AA /* Preview Assets.xcassets */ = {isa = PBXFileReference; lastKnownFileType = folder.assetcatalog; path = "Preview Assets.xcassets"; sourceTree = "<group>"; };
		E2C273632C355309004952AA /* HomeView.swift */ = {isa = PBXFileReference; lastKnownFileType = sourcecode.swift; path = HomeView.swift; sourceTree = "<group>"; };
		E2C273652C3678B1004952AA /* AppView.swift */ = {isa = PBXFileReference; lastKnownFileType = sourcecode.swift; path = AppView.swift; sourceTree = "<group>"; };
		E2C273672C36BB88004952AA /* SubcribeView.swift */ = {isa = PBXFileReference; lastKnownFileType = sourcecode.swift; path = SubcribeView.swift; sourceTree = "<group>"; };
		E2C273692C379939004952AA /* SettingView.swift */ = {isa = PBXFileReference; lastKnownFileType = sourcecode.swift; path = SettingView.swift; sourceTree = "<group>"; };
		E2E8BA812C6B67BB00C2AF9E /* Utils.swift */ = {isa = PBXFileReference; lastKnownFileType = sourcecode.swift; path = Utils.swift; sourceTree = "<group>"; };
		E2E8BA842C6CA43300C2AF9E /* ToastManager.swift */ = {isa = PBXFileReference; lastKnownFileType = sourcecode.swift; path = ToastManager.swift; sourceTree = "<group>"; };
		E2E8BA862C6CA46400C2AF9E /* GlobalToastView.swift */ = {isa = PBXFileReference; lastKnownFileType = sourcecode.swift; path = GlobalToastView.swift; sourceTree = "<group>"; };
		E2E9E24F2C3FE9A800836E4B /* Vibration.swift */ = {isa = PBXFileReference; lastKnownFileType = sourcecode.swift; path = Vibration.swift; sourceTree = "<group>"; };
		E2E9E2512C40FD5000836E4B /* ApiRequest.swift */ = {isa = PBXFileReference; lastKnownFileType = sourcecode.swift; path = ApiRequest.swift; sourceTree = "<group>"; };
		E2E9E2552C4101AC00836E4B /* BoxJsViewModel.swift */ = {isa = PBXFileReference; lastKnownFileType = sourcecode.swift; path = BoxJsViewModel.swift; sourceTree = "<group>"; };
		E2E9E2602C46200D00836E4B /* BoxDataModel.swift */ = {isa = PBXFileReference; lastKnownFileType = sourcecode.swift; path = BoxDataModel.swift; sourceTree = "<group>"; };
		E2E9E2632C464CC300836E4B /* ArrayExtension.swift */ = {isa = PBXFileReference; lastKnownFileType = sourcecode.swift; path = ArrayExtension.swift; sourceTree = "<group>"; };
		E2E9E26A2C4A7E5B00836E4B /* ViewModifier.swift */ = {isa = PBXFileReference; lastKnownFileType = sourcecode.swift; path = ViewModifier.swift; sourceTree = "<group>"; };
		E2E9E27C2C5273C500836E4B /* SearchBar.swift */ = {isa = PBXFileReference; lastKnownFileType = sourcecode.swift; path = SearchBar.swift; sourceTree = "<group>"; };
		E2E9E2802C63241F00836E4B /* SubScribeCardView.swift */ = {isa = PBXFileReference; lastKnownFileType = sourcecode.swift; path = SubScribeCardView.swift; sourceTree = "<group>"; };
/* End PBXFileReference section */

/* Begin PBXFrameworksBuildPhase section */
		E2C2734F2C354F4A004952AA /* Frameworks */ = {
			isa = PBXFrameworksBuildPhase;
			buildActionMask = 2147483647;
			files = (
				E2E9E2792C4FE81800836E4B /* SDWebImageSwiftUI in Frameworks */,
				E2E9E2692C47718800836E4B /* SwiftyJSON in Frameworks */,
				E2E9E2592C45072F00836E4B /* AnyCodable in Frameworks */,
				E2AA91BE2C732E4200EB02B2 /* SwipeCellKit in Frameworks */,
				E2E9E2472C3FCA9D00836E4B /* Alamofire in Frameworks */,
			);
			runOnlyForDeploymentPostprocessing = 0;
		};
/* End PBXFrameworksBuildPhase section */

/* Begin PBXGroup section */
		E2C273492C354F4A004952AA = {
			isa = PBXGroup;
			children = (
				E2C273542C354F4A004952AA /* NEBox */,
				E2C273532C354F4A004952AA /* Products */,
			);
			sourceTree = "<group>";
		};
		E2C273532C354F4A004952AA /* Products */ = {
			isa = PBXGroup;
			children = (
				E2C273522C354F4A004952AA /* NEBox.app */,
			);
			name = Products;
			sourceTree = "<group>";
		};
		E2C273542C354F4A004952AA /* NEBox */ = {
			isa = PBXGroup;
			children = (
				E2E8BA832C6CA41D00C2AF9E /* Managers */,
				E2E9E2622C464C9800836E4B /* Extension */,
				E2E9E24E2C3FDB2300836E4B /* Helpers */,
				E2E9E24A2C3FDAD600836E4B /* Services */,
				E2E9E24D2C3FDB1400836E4B /* Models */,
				E2E9E24C2C3FDB0900836E4B /* ViewModels */,
				E2E9E24B2C3FDAF600836E4B /* Views */,
				E2C273552C354F4A004952AA /* NEBoxApp.swift */,
				E2C273592C354F4B004952AA /* Assets.xcassets */,
				E2C2735B2C354F4B004952AA /* Preview Content */,
			);
			path = NEBox;
			sourceTree = "<group>";
		};
		E2C2735B2C354F4B004952AA /* Preview Content */ = {
			isa = PBXGroup;
			children = (
				E2C2735C2C354F4B004952AA /* Preview Assets.xcassets */,
			);
			path = "Preview Content";
			sourceTree = "<group>";
		};
		E2E8BA832C6CA41D00C2AF9E /* Managers */ = {
			isa = PBXGroup;
			children = (
				E2E8BA842C6CA43300C2AF9E /* ToastManager.swift */,
			);
			path = Managers;
			sourceTree = "<group>";
		};
		E2E9E24A2C3FDAD600836E4B /* Services */ = {
			isa = PBXGroup;
			children = (
				E2E9E2512C40FD5000836E4B /* ApiRequest.swift */,
			);
			path = Services;
			sourceTree = "<group>";
		};
		E2E9E24B2C3FDAF600836E4B /* Views */ = {
			isa = PBXGroup;
			children = (
				E2C273572C354F4A004952AA /* ContentView.swift */,
				E2C273632C355309004952AA /* HomeView.swift */,
				E2E9E27C2C5273C500836E4B /* SearchBar.swift */,
				E2C273652C3678B1004952AA /* AppView.swift */,
				E2C273672C36BB88004952AA /* SubcribeView.swift */,
				E2E9E2802C63241F00836E4B /* SubScribeCardView.swift */,
				E2C273692C379939004952AA /* SettingView.swift */,
				E23F56032C7DBDCD0039F1CC /* AppDetailView.swift */,
				E23F560E2C7F1EC10039F1CC /* SwiftUIView.swift */,
			);
			path = Views;
			sourceTree = "<group>";
		};
		E2E9E24C2C3FDB0900836E4B /* ViewModels */ = {
			isa = PBXGroup;
			children = (
				E2E9E2552C4101AC00836E4B /* BoxJsViewModel.swift */,
			);
			path = ViewModels;
			sourceTree = "<group>";
		};
		E2E9E24D2C3FDB1400836E4B /* Models */ = {
			isa = PBXGroup;
			children = (
				E2E9E2602C46200D00836E4B /* BoxDataModel.swift */,
			);
			path = Models;
			sourceTree = "<group>";
		};
		E2E9E24E2C3FDB2300836E4B /* Helpers */ = {
			isa = PBXGroup;
			children = (
				E2E9E24F2C3FE9A800836E4B /* Vibration.swift */,
				E2E8BA812C6B67BB00C2AF9E /* Utils.swift */,
			);
			path = Helpers;
			sourceTree = "<group>";
		};
		E2E9E2622C464C9800836E4B /* Extension */ = {
			isa = PBXGroup;
			children = (
				E2E9E2632C464CC300836E4B /* ArrayExtension.swift */,
				E2E9E26A2C4A7E5B00836E4B /* ViewModifier.swift */,
				E2E8BA862C6CA46400C2AF9E /* GlobalToastView.swift */,
			);
			path = Extension;
			sourceTree = "<group>";
		};
/* End PBXGroup section */

/* Begin PBXNativeTarget section */
		E2C273512C354F4A004952AA /* NEBox */ = {
			isa = PBXNativeTarget;
			buildConfigurationList = E2C273602C354F4B004952AA /* Build configuration list for PBXNativeTarget "NEBox" */;
			buildPhases = (
				E2C2734E2C354F4A004952AA /* Sources */,
				E2C2734F2C354F4A004952AA /* Frameworks */,
				E2C273502C354F4A004952AA /* Resources */,
			);
			buildRules = (
			);
			dependencies = (
			);
			name = NEBox;
			packageProductDependencies = (
				E2E9E2462C3FCA9D00836E4B /* Alamofire */,
				E2E9E2582C45072F00836E4B /* AnyCodable */,
				E2E9E2682C47718800836E4B /* SwiftyJSON */,
				E2E9E2782C4FE81800836E4B /* SDWebImageSwiftUI */,
				E2AA91BD2C732E4200EB02B2 /* SwipeCellKit */,
			);
			productName = NEBox;
			productReference = E2C273522C354F4A004952AA /* NEBox.app */;
			productType = "com.apple.product-type.application";
		};
/* End PBXNativeTarget section */

/* Begin PBXProject section */
		E2C2734A2C354F4A004952AA /* Project object */ = {
			isa = PBXProject;
			attributes = {
				BuildIndependentTargetsInParallel = 1;
				LastSwiftUpdateCheck = 1540;
				LastUpgradeCheck = 1540;
				TargetAttributes = {
					E2C273512C354F4A004952AA = {
						CreatedOnToolsVersion = 15.4;
					};
				};
			};
			buildConfigurationList = E2C2734D2C354F4A004952AA /* Build configuration list for PBXProject "NEBox" */;
			compatibilityVersion = "Xcode 14.0";
			developmentRegion = en;
			hasScannedForEncodings = 0;
			knownRegions = (
				en,
				Base,
			);
			mainGroup = E2C273492C354F4A004952AA;
			packageReferences = (
				E2E9E2452C3FCA9D00836E4B /* XCRemoteSwiftPackageReference "Alamofire" */,
				E2E9E2572C45072F00836E4B /* XCRemoteSwiftPackageReference "AnyCodable" */,
				E2E9E2672C47718800836E4B /* XCRemoteSwiftPackageReference "SwiftyJSON" */,
				E2E9E2772C4FE81700836E4B /* XCRemoteSwiftPackageReference "SDWebImageSwiftUI" */,
				E2AA91BC2C732E4200EB02B2 /* XCRemoteSwiftPackageReference "SwipeCellKit" */,
			);
			productRefGroup = E2C273532C354F4A004952AA /* Products */;
			projectDirPath = "";
			projectRoot = "";
			targets = (
				E2C273512C354F4A004952AA /* NEBox */,
			);
		};
/* End PBXProject section */

/* Begin PBXResourcesBuildPhase section */
		E2C273502C354F4A004952AA /* Resources */ = {
			isa = PBXResourcesBuildPhase;
			buildActionMask = 2147483647;
			files = (
				E2C2735D2C354F4B004952AA /* Preview Assets.xcassets in Resources */,
				E2C2735A2C354F4B004952AA /* Assets.xcassets in Resources */,
			);
			runOnlyForDeploymentPostprocessing = 0;
		};
/* End PBXResourcesBuildPhase section */

/* Begin PBXSourcesBuildPhase section */
		E2C2734E2C354F4A004952AA /* Sources */ = {
			isa = PBXSourcesBuildPhase;
			buildActionMask = 2147483647;
			files = (
				E2E9E27D2C5273C500836E4B /* SearchBar.swift in Sources */,
				E2E9E2502C3FE9A800836E4B /* Vibration.swift in Sources */,
				E2E9E2522C40FD5000836E4B /* ApiRequest.swift in Sources */,
				E2E8BA852C6CA43300C2AF9E /* ToastManager.swift in Sources */,
				E2C273662C3678B1004952AA /* AppView.swift in Sources */,
				E2E9E2562C4101AC00836E4B /* BoxJsViewModel.swift in Sources */,
				E2E8BA822C6B67BB00C2AF9E /* Utils.swift in Sources */,
				E2C273682C36BB88004952AA /* SubcribeView.swift in Sources */,
				E2C273642C355309004952AA /* HomeView.swift in Sources */,
				E23F560F2C7F1EC10039F1CC /* SwiftUIView.swift in Sources */,
				E2C2736A2C379939004952AA /* SettingView.swift in Sources */,
				E2E9E2812C63241F00836E4B /* SubScribeCardView.swift in Sources */,
				E2E9E26B2C4A7E5B00836E4B /* ViewModifier.swift in Sources */,
				E2C273582C354F4A004952AA /* ContentView.swift in Sources */,
				E23F56042C7DBDCD0039F1CC /* AppDetailView.swift in Sources */,
				E2E9E2642C464CC300836E4B /* ArrayExtension.swift in Sources */,
				E2E8BA872C6CA46400C2AF9E /* GlobalToastView.swift in Sources */,
				E2E9E2612C46200D00836E4B /* BoxDataModel.swift in Sources */,
				E2C273562C354F4A004952AA /* NEBoxApp.swift in Sources */,
			);
			runOnlyForDeploymentPostprocessing = 0;
		};
/* End PBXSourcesBuildPhase section */

/* Begin XCBuildConfiguration section */
		E2C2735E2C354F4B004952AA /* Debug */ = {
			isa = XCBuildConfiguration;
			buildSettings = {
				ALWAYS_SEARCH_USER_PATHS = NO;
				ASSETCATALOG_COMPILER_GENERATE_SWIFT_ASSET_SYMBOL_EXTENSIONS = YES;
				CLANG_ANALYZER_NONNULL = YES;
				CLANG_ANALYZER_NUMBER_OBJECT_CONVERSION = YES_AGGRESSIVE;
				CLANG_CXX_LANGUAGE_STANDARD = "gnu++20";
				CLANG_ENABLE_MODULES = YES;
				CLANG_ENABLE_OBJC_ARC = YES;
				CLANG_ENABLE_OBJC_WEAK = YES;
				CLANG_WARN_BLOCK_CAPTURE_AUTORELEASING = YES;
				CLANG_WARN_BOOL_CONVERSION = YES;
				CLANG_WARN_COMMA = YES;
				CLANG_WARN_CONSTANT_CONVERSION = YES;
				CLANG_WARN_DEPRECATED_OBJC_IMPLEMENTATIONS = YES;
				CLANG_WARN_DIRECT_OBJC_ISA_USAGE = YES_ERROR;
				CLANG_WARN_DOCUMENTATION_COMMENTS = YES;
				CLANG_WARN_EMPTY_BODY = YES;
				CLANG_WARN_ENUM_CONVERSION = YES;
				CLANG_WARN_INFINITE_RECURSION = YES;
				CLANG_WARN_INT_CONVERSION = YES;
				CLANG_WARN_NON_LITERAL_NULL_CONVERSION = YES;
				CLANG_WARN_OBJC_IMPLICIT_RETAIN_SELF = YES;
				CLANG_WARN_OBJC_LITERAL_CONVERSION = YES;
				CLANG_WARN_OBJC_ROOT_CLASS = YES_ERROR;
				CLANG_WARN_QUOTED_INCLUDE_IN_FRAMEWORK_HEADER = YES;
				CLANG_WARN_RANGE_LOOP_ANALYSIS = YES;
				CLANG_WARN_STRICT_PROTOTYPES = YES;
				CLANG_WARN_SUSPICIOUS_MOVE = YES;
				CLANG_WARN_UNGUARDED_AVAILABILITY = YES_AGGRESSIVE;
				CLANG_WARN_UNREACHABLE_CODE = YES;
				CLANG_WARN__DUPLICATE_METHOD_MATCH = YES;
				COPY_PHASE_STRIP = NO;
				DEBUG_INFORMATION_FORMAT = dwarf;
				ENABLE_STRICT_OBJC_MSGSEND = YES;
				ENABLE_TESTABILITY = YES;
				ENABLE_USER_SCRIPT_SANDBOXING = YES;
				GCC_C_LANGUAGE_STANDARD = gnu17;
				GCC_DYNAMIC_NO_PIC = NO;
				GCC_NO_COMMON_BLOCKS = YES;
				GCC_OPTIMIZATION_LEVEL = 0;
				GCC_PREPROCESSOR_DEFINITIONS = (
					"DEBUG=1",
					"$(inherited)",
				);
				GCC_WARN_64_TO_32_BIT_CONVERSION = YES;
				GCC_WARN_ABOUT_RETURN_TYPE = YES_ERROR;
				GCC_WARN_UNDECLARED_SELECTOR = YES;
				GCC_WARN_UNINITIALIZED_AUTOS = YES_AGGRESSIVE;
				GCC_WARN_UNUSED_FUNCTION = YES;
				GCC_WARN_UNUSED_VARIABLE = YES;
				IPHONEOS_DEPLOYMENT_TARGET = 17.5;
				LOCALIZATION_PREFERS_STRING_CATALOGS = YES;
				MTL_ENABLE_DEBUG_INFO = INCLUDE_SOURCE;
				MTL_FAST_MATH = YES;
				ONLY_ACTIVE_ARCH = YES;
				SDKROOT = iphoneos;
				SWIFT_ACTIVE_COMPILATION_CONDITIONS = "DEBUG $(inherited)";
				SWIFT_OPTIMIZATION_LEVEL = "-Onone";
			};
			name = Debug;
		};
		E2C2735F2C354F4B004952AA /* Release */ = {
			isa = XCBuildConfiguration;
			buildSettings = {
				ALWAYS_SEARCH_USER_PATHS = NO;
				ASSETCATALOG_COMPILER_GENERATE_SWIFT_ASSET_SYMBOL_EXTENSIONS = YES;
				CLANG_ANALYZER_NONNULL = YES;
				CLANG_ANALYZER_NUMBER_OBJECT_CONVERSION = YES_AGGRESSIVE;
				CLANG_CXX_LANGUAGE_STANDARD = "gnu++20";
				CLANG_ENABLE_MODULES = YES;
				CLANG_ENABLE_OBJC_ARC = YES;
				CLANG_ENABLE_OBJC_WEAK = YES;
				CLANG_WARN_BLOCK_CAPTURE_AUTORELEASING = YES;
				CLANG_WARN_BOOL_CONVERSION = YES;
				CLANG_WARN_COMMA = YES;
				CLANG_WARN_CONSTANT_CONVERSION = YES;
				CLANG_WARN_DEPRECATED_OBJC_IMPLEMENTATIONS = YES;
				CLANG_WARN_DIRECT_OBJC_ISA_USAGE = YES_ERROR;
				CLANG_WARN_DOCUMENTATION_COMMENTS = YES;
				CLANG_WARN_EMPTY_BODY = YES;
				CLANG_WARN_ENUM_CONVERSION = YES;
				CLANG_WARN_INFINITE_RECURSION = YES;
				CLANG_WARN_INT_CONVERSION = YES;
				CLANG_WARN_NON_LITERAL_NULL_CONVERSION = YES;
				CLANG_WARN_OBJC_IMPLICIT_RETAIN_SELF = YES;
				CLANG_WARN_OBJC_LITERAL_CONVERSION = YES;
				CLANG_WARN_OBJC_ROOT_CLASS = YES_ERROR;
				CLANG_WARN_QUOTED_INCLUDE_IN_FRAMEWORK_HEADER = YES;
				CLANG_WARN_RANGE_LOOP_ANALYSIS = YES;
				CLANG_WARN_STRICT_PROTOTYPES = YES;
				CLANG_WARN_SUSPICIOUS_MOVE = YES;
				CLANG_WARN_UNGUARDED_AVAILABILITY = YES_AGGRESSIVE;
				CLANG_WARN_UNREACHABLE_CODE = YES;
				CLANG_WARN__DUPLICATE_METHOD_MATCH = YES;
				COPY_PHASE_STRIP = NO;
				DEBUG_INFORMATION_FORMAT = "dwarf-with-dsym";
				ENABLE_NS_ASSERTIONS = NO;
				ENABLE_STRICT_OBJC_MSGSEND = YES;
				ENABLE_USER_SCRIPT_SANDBOXING = YES;
				GCC_C_LANGUAGE_STANDARD = gnu17;
				GCC_NO_COMMON_BLOCKS = YES;
				GCC_WARN_64_TO_32_BIT_CONVERSION = YES;
				GCC_WARN_ABOUT_RETURN_TYPE = YES_ERROR;
				GCC_WARN_UNDECLARED_SELECTOR = YES;
				GCC_WARN_UNINITIALIZED_AUTOS = YES_AGGRESSIVE;
				GCC_WARN_UNUSED_FUNCTION = YES;
				GCC_WARN_UNUSED_VARIABLE = YES;
				IPHONEOS_DEPLOYMENT_TARGET = 17.5;
				LOCALIZATION_PREFERS_STRING_CATALOGS = YES;
				MTL_ENABLE_DEBUG_INFO = NO;
				MTL_FAST_MATH = YES;
				SDKROOT = iphoneos;
				SWIFT_COMPILATION_MODE = wholemodule;
				VALIDATE_PRODUCT = YES;
			};
			name = Release;
		};
		E2C273612C354F4B004952AA /* Debug */ = {
			isa = XCBuildConfiguration;
			buildSettings = {
				ASSETCATALOG_COMPILER_APPICON_NAME = AppIcon;
				ASSETCATALOG_COMPILER_GLOBAL_ACCENT_COLOR_NAME = AccentColor;
				CODE_SIGN_STYLE = Automatic;
				CURRENT_PROJECT_VERSION = 1;
				DEVELOPMENT_ASSET_PATHS = "\"NEBox/Preview Content\"";
				DEVELOPMENT_TEAM = 3H97L2N9R7;
				ENABLE_PREVIEWS = YES;
				GENERATE_INFOPLIST_FILE = YES;
				INFOPLIST_KEY_UIApplicationSceneManifest_Generation = YES;
				INFOPLIST_KEY_UIApplicationSupportsIndirectInputEvents = YES;
				INFOPLIST_KEY_UILaunchScreen_Generation = YES;
				INFOPLIST_KEY_UISupportedInterfaceOrientations_iPad = "UIInterfaceOrientationPortrait UIInterfaceOrientationPortraitUpsideDown UIInterfaceOrientationLandscapeLeft UIInterfaceOrientationLandscapeRight";
				INFOPLIST_KEY_UISupportedInterfaceOrientations_iPhone = "UIInterfaceOrientationPortrait UIInterfaceOrientationLandscapeLeft UIInterfaceOrientationLandscapeRight";
				INFOPLIST_KEY_UIUserInterfaceStyle = Light;
				IPHONEOS_DEPLOYMENT_TARGET = 16.0;
				LD_RUNPATH_SEARCH_PATHS = (
					"$(inherited)",
					"@executable_path/Frameworks",
				);
				MARKETING_VERSION = 0.0.1;
				PRODUCT_BUNDLE_IDENTIFIER = com.elongpaoxiao.NEBox;
				PRODUCT_NAME = "$(TARGET_NAME)";
				SWIFT_EMIT_LOC_STRINGS = YES;
				SWIFT_VERSION = 5.0;
				TARGETED_DEVICE_FAMILY = "1,2";
			};
			name = Debug;
		};
		E2C273622C354F4B004952AA /* Release */ = {
			isa = XCBuildConfiguration;
			buildSettings = {
				ASSETCATALOG_COMPILER_APPICON_NAME = AppIcon;
				ASSETCATALOG_COMPILER_GLOBAL_ACCENT_COLOR_NAME = AccentColor;
				CODE_SIGN_STYLE = Automatic;
				CURRENT_PROJECT_VERSION = 1;
				DEVELOPMENT_ASSET_PATHS = "\"NEBox/Preview Content\"";
				DEVELOPMENT_TEAM = 3H97L2N9R7;
				ENABLE_PREVIEWS = YES;
				GENERATE_INFOPLIST_FILE = YES;
				INFOPLIST_KEY_UIApplicationSceneManifest_Generation = YES;
				INFOPLIST_KEY_UIApplicationSupportsIndirectInputEvents = YES;
				INFOPLIST_KEY_UILaunchScreen_Generation = YES;
				INFOPLIST_KEY_UISupportedInterfaceOrientations_iPad = "UIInterfaceOrientationPortrait UIInterfaceOrientationPortraitUpsideDown UIInterfaceOrientationLandscapeLeft UIInterfaceOrientationLandscapeRight";
				INFOPLIST_KEY_UISupportedInterfaceOrientations_iPhone = "UIInterfaceOrientationPortrait UIInterfaceOrientationLandscapeLeft UIInterfaceOrientationLandscapeRight";
				INFOPLIST_KEY_UIUserInterfaceStyle = Light;
				IPHONEOS_DEPLOYMENT_TARGET = 16.0;
				LD_RUNPATH_SEARCH_PATHS = (
					"$(inherited)",
					"@executable_path/Frameworks",
				);
				MARKETING_VERSION = 0.0.1;
				PRODUCT_BUNDLE_IDENTIFIER = com.elongpaoxiao.NEBox;
				PRODUCT_NAME = "$(TARGET_NAME)";
				SWIFT_EMIT_LOC_STRINGS = YES;
				SWIFT_VERSION = 5.0;
				TARGETED_DEVICE_FAMILY = "1,2";
			};
			name = Release;
		};
/* End XCBuildConfiguration section */

/* Begin XCConfigurationList section */
		E2C2734D2C354F4A004952AA /* Build configuration list for PBXProject "NEBox" */ = {
			isa = XCConfigurationList;
			buildConfigurations = (
				E2C2735E2C354F4B004952AA /* Debug */,
				E2C2735F2C354F4B004952AA /* Release */,
			);
			defaultConfigurationIsVisible = 0;
			defaultConfigurationName = Release;
		};
		E2C273602C354F4B004952AA /* Build configuration list for PBXNativeTarget "NEBox" */ = {
			isa = XCConfigurationList;
			buildConfigurations = (
				E2C273612C354F4B004952AA /* Debug */,
				E2C273622C354F4B004952AA /* Release */,
			);
			defaultConfigurationIsVisible = 0;
			defaultConfigurationName = Release;
		};
/* End XCConfigurationList section */

/* Begin XCRemoteSwiftPackageReference section */
		E2AA91BC2C732E4200EB02B2 /* XCRemoteSwiftPackageReference "SwipeCellKit" */ = {
			isa = XCRemoteSwiftPackageReference;
			repositoryURL = "https://github.com/SwipeCellKit/SwipeCellKit";
			requirement = {
				kind = upToNextMajorVersion;
				minimumVersion = 2.7.1;
			};
		};
		E2E9E2452C3FCA9D00836E4B /* XCRemoteSwiftPackageReference "Alamofire" */ = {
			isa = XCRemoteSwiftPackageReference;
			repositoryURL = "https://github.com/Alamofire/Alamofire";
			requirement = {
				kind = upToNextMajorVersion;
				minimumVersion = 5.9.1;
			};
		};
		E2E9E2572C45072F00836E4B /* XCRemoteSwiftPackageReference "AnyCodable" */ = {
			isa = XCRemoteSwiftPackageReference;
			repositoryURL = "https://github.com/Flight-School/AnyCodable";
			requirement = {
				kind = upToNextMajorVersion;
				minimumVersion = 0.6.7;
			};
		};
		E2E9E2672C47718800836E4B /* XCRemoteSwiftPackageReference "SwiftyJSON" */ = {
			isa = XCRemoteSwiftPackageReference;
			repositoryURL = "https://github.com/SwiftyJSON/SwiftyJSON";
			requirement = {
				kind = upToNextMajorVersion;
				minimumVersion = 5.0.2;
			};
		};
		E2E9E2772C4FE81700836E4B /* XCRemoteSwiftPackageReference "SDWebImageSwiftUI" */ = {
			isa = XCRemoteSwiftPackageReference;
			repositoryURL = "https://github.com/SDWebImage/SDWebImageSwiftUI";
			requirement = {
				kind = upToNextMajorVersion;
				minimumVersion = 3.1.1;
			};
		};
/* End XCRemoteSwiftPackageReference section */

/* Begin XCSwiftPackageProductDependency section */
		E2AA91BD2C732E4200EB02B2 /* SwipeCellKit */ = {
			isa = XCSwiftPackageProductDependency;
			package = E2AA91BC2C732E4200EB02B2 /* XCRemoteSwiftPackageReference "SwipeCellKit" */;
			productName = SwipeCellKit;
		};
		E2E9E2462C3FCA9D00836E4B /* Alamofire */ = {
			isa = XCSwiftPackageProductDependency;
			package = E2E9E2452C3FCA9D00836E4B /* XCRemoteSwiftPackageReference "Alamofire" */;
			productName = Alamofire;
		};
		E2E9E2582C45072F00836E4B /* AnyCodable */ = {
			isa = XCSwiftPackageProductDependency;
			package = E2E9E2572C45072F00836E4B /* XCRemoteSwiftPackageReference "AnyCodable" */;
			productName = AnyCodable;
		};
		E2E9E2682C47718800836E4B /* SwiftyJSON */ = {
			isa = XCSwiftPackageProductDependency;
			package = E2E9E2672C47718800836E4B /* XCRemoteSwiftPackageReference "SwiftyJSON" */;
			productName = SwiftyJSON;
		};
		E2E9E2782C4FE81800836E4B /* SDWebImageSwiftUI */ = {
			isa = XCSwiftPackageProductDependency;
			package = E2E9E2772C4FE81700836E4B /* XCRemoteSwiftPackageReference "SDWebImageSwiftUI" */;
			productName = SDWebImageSwiftUI;
		};
/* End XCSwiftPackageProductDependency section */
	};
	rootObject = E2C2734A2C354F4A004952AA /* Project object */;
}
